
Microsoft Visual Studio Solution File, Format Version 12.00
# Visual Studio Version 17
VisualStudioVersion = 17.5.33516.290
MinimumVisualStudioVersion = 10.0.40219.1
Project("{9A19103F-16F7-4668-BE54-9A1E7A4F7556}") = "CarShop", "CarShop\CarShop.csproj", "{4036B04C-9BA9-4A48-B88D-9A06842BC2FE}"
EndProject
Project("{9A19103F-16F7-4668-BE54-9A1E7A4F7556}") = "CarShopAPI", "CarShopAPI\CarShopAPI.csproj", "{2F190EBF-0D8D-4A62-AB6C-807E20AFB2CD}"
EndProject
Global
	GlobalSection(SolutionConfigurationPlatforms) = preSolution
		Debug|Any CPU = Debug|Any CPU
		Release|Any CPU = Release|Any CPU
	EndGlobalSection
	GlobalSection(ProjectConfigurationPlatforms) = postSolution
		{4036B04C-9BA9-4A48-B88D-9A06842BC2FE}.Debug|Any CPU.ActiveCfg = Debug|Any CPU
		{4036B04C-9BA9-4A48-B88D-9A06842BC2FE}.Debug|Any CPU.Build.0 = Debug|Any CPU
		{4036B04C-9BA9-4A48-B88D-9A06842BC2FE}.Release|Any CPU.ActiveCfg = Release|Any CPU
		{4036B04C-9BA9-4A48-B88D-9A06842BC2FE}.Release|Any CPU.Build.0 = Release|Any CPU
		{2F190EBF-0D8D-4A62-AB6C-807E20AFB2CD}.Debug|Any CPU.ActiveCfg = Debug|Any CPU
		{2F190EBF-0D8D-4A62-AB6C-807E20AFB2CD}.Debug|Any CPU.Build.0 = Debug|Any CPU
		{2F190EBF-0D8D-4A62-AB6C-807E20AFB2CD}.Release|Any CPU.ActiveCfg = Release|Any CPU
		{2F190EBF-0D8D-4A62-AB6C-807E20AFB2CD}.Release|Any CPU.Build.0 = Release|Any CPU
	EndGlobalSection
	GlobalSection(SolutionProperties) = preSolution
		HideSolutionNode = FALSE
	EndGlobalSection
	GlobalSection(ExtensibilityGlobals) = postSolution
		SolutionGuid = {27F70D1F-0B78-4E9F-8594-84461A1668DE}
	EndGlobalSection
EndGlobal
